
Microsoft Visual Studio Solution File, Format Version 12.00
# Visual Studio Version 17
VisualStudioVersion = 17.14.36518.9
MinimumVisualStudioVersion = 10.0.40219.1
Project("{FAE04EC0-301F-11D3-BF4B-00C04F79EFBC}") = "RepairShop", "RepairShop\RepairShop.csproj", "{CAAD8667-0F26-46CF-9A8C-34C1A5A492CC}"
EndProject
Global
	GlobalSection(SolutionConfigurationPlatforms) = preSolution
		Debug|Any CPU = Debug|Any CPU
		Release|Any CPU = Release|Any CPU
	EndGlobalSection
	GlobalSection(ProjectConfigurationPlatforms) = postSolution
		{CAAD8667-0F26-46CF-9A8C-34C1A5A492CC}.Debug|Any CPU.ActiveCfg = Debug|Any CPU
		{CAAD8667-0F26-46CF-9A8C-34C1A5A492CC}.Debug|Any CPU.Build.0 = Debug|Any CPU
		{CAAD8667-0F26-46CF-9A8C-34C1A5A492CC}.Release|Any CPU.ActiveCfg = Release|Any CPU
		{CAAD8667-0F26-46CF-9A8C-34C1A5A492CC}.Release|Any CPU.Build.0 = Release|Any CPU
	EndGlobalSection
	GlobalSection(SolutionProperties) = preSolution
		HideSolutionNode = FALSE
	EndGlobalSection
	GlobalSection(ExtensibilityGlobals) = postSolution
		SolutionGuid = {CB6E48B2-EF97-49D6-BDCD-BCC272859CDB}
	EndGlobalSection
EndGlobal
